
Microsoft Visual Studio Solution File, Format Version 12.00
# Visual Studio 15
VisualStudioVersion = 15.0.27004.2009
MinimumVisualStudioVersion = 10.0.40219.1
Project("{FAE04EC0-301F-11D3-BF4B-00C04F79EFBC}") = "AppMonitorIndici.Android", "AppMonitorIndici\AppMonitorIndici.Android\AppMonitorIndici.Android.csproj", "{74D6B2A4-4AB4-41E7-A754-21588EC926FA}"
EndProject
Project("{FAE04EC0-301F-11D3-BF4B-00C04F79EFBC}") = "AppMonitorIndici", "AppMonitorIndici\AppMonitorIndici\AppMonitorIndici.csproj", "{A5FC74A3-F6F5-4C00-BAF2-88C9D0FB0CCD}"
EndProject
Project("{FAE04EC0-301F-11D3-BF4B-00C04F79EFBC}") = "AppMonitorIndici.UWP", "AppMonitorIndici\AppMonitorIndici.UWP\AppMonitorIndici.UWP.csproj", "{6C52981E-D8EC-440C-8585-3EC2E4677CB8}"
EndProject
Project("{FAE04EC0-301F-11D3-BF4B-00C04F79EFBC}") = "AppMonitorIndici.iOS", "AppMonitorIndici\AppMonitorIndici.iOS\AppMonitorIndici.iOS.csproj", "{D220A249-EF04-4EA0-829D-3A8A1CB29F2B}"
EndProject
Global
	GlobalSection(SolutionConfigurationPlatforms) = preSolution
		Ad-Hoc|Any CPU = Ad-Hoc|Any CPU
		Ad-Hoc|ARM = Ad-Hoc|ARM
		Ad-Hoc|iPhone = Ad-Hoc|iPhone
		Ad-Hoc|iPhoneSimulator = Ad-Hoc|iPhoneSimulator
		Ad-Hoc|x64 = Ad-Hoc|x64
		Ad-Hoc|x86 = Ad-Hoc|x86
		AppStore|Any CPU = AppStore|Any CPU
		AppStore|ARM = AppStore|ARM
		AppStore|iPhone = AppStore|iPhone
		AppStore|iPhoneSimulator = AppStore|iPhoneSimulator
		AppStore|x64 = AppStore|x64
		AppStore|x86 = AppStore|x86
		Debug|Any CPU = Debug|Any CPU
		Debug|ARM = Debug|ARM
		Debug|iPhone = Debug|iPhone
		Debug|iPhoneSimulator = Debug|iPhoneSimulator
		Debug|x64 = Debug|x64
		Debug|x86 = Debug|x86
		Release|Any CPU = Release|Any CPU
		Release|ARM = Release|ARM
		Release|iPhone = Release|iPhone
		Release|iPhoneSimulator = Release|iPhoneSimulator
		Release|x64 = Release|x64
		Release|x86 = Release|x86
	EndGlobalSection
	GlobalSection(ProjectConfigurationPlatforms) = postSolution
		{74D6B2A4-4AB4-41E7-A754-21588EC926FA}.Ad-Hoc|Any CPU.ActiveCfg = Release|Any CPU
		{74D6B2A4-4AB4-41E7-A754-21588EC926FA}.Ad-Hoc|Any CPU.Build.0 = Release|Any CPU
		{74D6B2A4-4AB4-41E7-A754-21588EC926FA}.Ad-Hoc|Any CPU.Deploy.0 = Release|Any CPU
		{74D6B2A4-4AB4-41E7-A754-21588EC926FA}.Ad-Hoc|ARM.ActiveCfg = Release|Any CPU
		{74D6B2A4-4AB4-41E7-A754-21588EC926FA}.Ad-Hoc|ARM.Build.0 = Release|Any CPU
		{74D6B2A4-4AB4-41E7-A754-21588EC926FA}.Ad-Hoc|ARM.Deploy.0 = Release|Any CPU
		{74D6B2A4-4AB4-41E7-A754-21588EC926FA}.Ad-Hoc|iPhone.ActiveCfg = Release|Any CPU
		{74D6B2A4-4AB4-41E7-A754-21588EC926FA}.Ad-Hoc|iPhone.Build.0 = Release|Any CPU
		{74D6B2A4-4AB4-41E7-A754-21588EC926FA}.Ad-Hoc|iPhone.Deploy.0 = Release|Any CPU
		{74D6B2A4-4AB4-41E7-A754-21588EC926FA}.Ad-Hoc|iPhoneSimulator.ActiveCfg = Release|Any CPU
		{74D6B2A4-4AB4-41E7-A754-21588EC926FA}.Ad-Hoc|iPhoneSimulator.Build.0 = Release|Any CPU
		{74D6B2A4-4AB4-41E7-A754-21588EC926FA}.Ad-Hoc|iPhoneSimulator.Deploy.0 = Release|Any CPU
		{74D6B2A4-4AB4-41E7-A754-21588EC926FA}.Ad-Hoc|x64.ActiveCfg = Release|Any CPU
		{74D6B2A4-4AB4-41E7-A754-21588EC926FA}.Ad-Hoc|x64.Build.0 = Release|Any CPU
		{74D6B2A4-4AB4-41E7-A754-21588EC926FA}.Ad-Hoc|x64.Deploy.0 = Release|Any CPU
		{74D6B2A4-4AB4-41E7-A754-21588EC926FA}.Ad-Hoc|x86.ActiveCfg = Release|Any CPU
		{74D6B2A4-4AB4-41E7-A754-21588EC926FA}.Ad-Hoc|x86.Build.0 = Release|Any CPU
		{74D6B2A4-4AB4-41E7-A754-21588EC926FA}.Ad-Hoc|x86.Deploy.0 = Release|Any CPU
		{74D6B2A4-4AB4-41E7-A754-21588EC926FA}.AppStore|Any CPU.ActiveCfg = Release|Any CPU
		{74D6B2A4-4AB4-41E7-A754-21588EC926FA}.AppStore|Any CPU.Build.0 = Release|Any CPU
		{74D6B2A4-4AB4-41E7-A754-21588EC926FA}.AppStore|Any CPU.Deploy.0 = Release|Any CPU
		{74D6B2A4-4AB4-41E7-A754-21588EC926FA}.AppStore|ARM.ActiveCfg = Release|Any CPU
		{74D6B2A4-4AB4-41E7-A754-21588EC926FA}.AppStore|ARM.Build.0 = Release|Any CPU
		{74D6B2A4-4AB4-41E7-A754-21588EC926FA}.AppStore|ARM.Deploy.0 = Release|Any CPU
		{74D6B2A4-4AB4-41E7-A754-21588EC926FA}.AppStore|iPhone.ActiveCfg = Release|Any CPU
		{74D6B2A4-4AB4-41E7-A754-21588EC926FA}.AppStore|iPhone.Build.0 = Release|Any CPU
		{74D6B2A4-4AB4-41E7-A754-21588EC926FA}.AppStore|iPhone.Deploy.0 = Release|Any CPU
		{74D6B2A4-4AB4-41E7-A754-21588EC926FA}.AppStore|iPhoneSimulator.ActiveCfg = Release|Any CPU
		{74D6B2A4-4AB4-41E7-A754-21588EC926FA}.AppStore|iPhoneSimulator.Build.0 = Release|Any CPU
		{74D6B2A4-4AB4-41E7-A754-21588EC926FA}.AppStore|iPhoneSimulator.Deploy.0 = Release|Any CPU
		{74D6B2A4-4AB4-41E7-A754-21588EC926FA}.AppStore|x64.ActiveCfg = Release|Any CPU
		{74D6B2A4-4AB4-41E7-A754-21588EC926FA}.AppStore|x64.Build.0 = Release|Any CPU
		{74D6B2A4-4AB4-41E7-A754-21588EC926FA}.AppStore|x64.Deploy.0 = Release|Any CPU
		{74D6B2A4-4AB4-41E7-A754-21588EC926FA}.AppStore|x86.ActiveCfg = Release|Any CPU
		{74D6B2A4-4AB4-41E7-A754-21588EC926FA}.AppStore|x86.Build.0 = Release|Any CPU
		{74D6B2A4-4AB4-41E7-A754-21588EC926FA}.AppStore|x86.Deploy.0 = Release|Any CPU
		{74D6B2A4-4AB4-41E7-A754-21588EC926FA}.Debug|Any CPU.ActiveCfg = Debug|Any CPU
		{74D6B2A4-4AB4-41E7-A754-21588EC926FA}.Debug|Any CPU.Build.0 = Debug|Any CPU
		{74D6B2A4-4AB4-41E7-A754-21588EC926FA}.Debug|Any CPU.Deploy.0 = Debug|Any CPU
		{74D6B2A4-4AB4-41E7-A754-21588EC926FA}.Debug|ARM.ActiveCfg = Debug|Any CPU
		{74D6B2A4-4AB4-41E7-A754-21588EC926FA}.Debug|ARM.Build.0 = Debug|Any CPU
		{74D6B2A4-4AB4-41E7-A754-21588EC926FA}.Debug|ARM.Deploy.0 = Debug|Any CPU
		{74D6B2A4-4AB4-41E7-A754-21588EC926FA}.Debug|iPhone.ActiveCfg = Debug|Any CPU
		{74D6B2A4-4AB4-41E7-A754-21588EC926FA}.Debug|iPhone.Build.0 = Debug|Any CPU
		{74D6B2A4-4AB4-41E7-A754-21588EC926FA}.Debug|iPhone.Deploy.0 = Debug|Any CPU
		{74D6B2A4-4AB4-41E7-A754-21588EC926FA}.Debug|iPhoneSimulator.ActiveCfg = Debug|Any CPU
		{74D6B2A4-4AB4-41E7-A754-21588EC926FA}.Debug|iPhoneSimulator.Build.0 = Debug|Any CPU
		{74D6B2A4-4AB4-41E7-A754-21588EC926FA}.Debug|iPhoneSimulator.Deploy.0 = Debug|Any CPU
		{74D6B2A4-4AB4-41E7-A754-21588EC926FA}.Debug|x64.ActiveCfg = Debug|Any CPU
		{74D6B2A4-4AB4-41E7-A754-21588EC926FA}.Debug|x64.Build.0 = Debug|Any CPU
		{74D6B2A4-4AB4-41E7-A754-21588EC926FA}.Debug|x64.Deploy.0 = Debug|Any CPU
		{74D6B2A4-4AB4-41E7-A754-21588EC926FA}.Debug|x86.ActiveCfg = Debug|Any CPU
		{74D6B2A4-4AB4-41E7-A754-21588EC926FA}.Debug|x86.Build.0 = Debug|Any CPU
		{74D6B2A4-4AB4-41E7-A754-21588EC926FA}.Debug|x86.Deploy.0 = Debug|Any CPU
		{74D6B2A4-4AB4-41E7-A754-21588EC926FA}.Release|Any CPU.ActiveCfg = Release|Any CPU
		{74D6B2A4-4AB4-41E7-A754-21588EC926FA}.Release|Any CPU.Build.0 = Release|Any CPU
		{74D6B2A4-4AB4-41E7-A754-21588EC926FA}.Release|Any CPU.Deploy.0 = Release|Any CPU
		{74D6B2A4-4AB4-41E7-A754-21588EC926FA}.Release|ARM.ActiveCfg = Release|Any CPU
		{74D6B2A4-4AB4-41E7-A754-21588EC926FA}.Release|ARM.Build.0 = Release|Any CPU
		{74D6B2A4-4AB4-41E7-A754-21588EC926FA}.Release|ARM.Deploy.0 = Release|Any CPU
		{74D6B2A4-4AB4-41E7-A754-21588EC926FA}.Release|iPhone.ActiveCfg = Release|Any CPU
		{74D6B2A4-4AB4-41E7-A754-21588EC926FA}.Release|iPhone.Build.0 = Release|Any CPU
		{74D6B2A4-4AB4-41E7-A754-21588EC926FA}.Release|iPhone.Deploy.0 = Release|Any CPU
		{74D6B2A4-4AB4-41E7-A754-21588EC926FA}.Release|iPhoneSimulator.ActiveCfg = Release|Any CPU
		{74D6B2A4-4AB4-41E7-A754-21588EC926FA}.Release|iPhoneSimulator.Build.0 = Release|Any CPU
		{74D6B2A4-4AB4-41E7-A754-21588EC926FA}.Release|iPhoneSimulator.Deploy.0 = Release|Any CPU
		{74D6B2A4-4AB4-41E7-A754-21588EC926FA}.Release|x64.ActiveCfg = Release|Any CPU
		{74D6B2A4-4AB4-41E7-A754-21588EC926FA}.Release|x64.Build.0 = Release|Any CPU
		{74D6B2A4-4AB4-41E7-A754-21588EC926FA}.Release|x64.Deploy.0 = Release|Any CPU
		{74D6B2A4-4AB4-41E7-A754-21588EC926FA}.Release|x86.ActiveCfg = Release|Any CPU
		{74D6B2A4-4AB4-41E7-A754-21588EC926FA}.Release|x86.Build.0 = Release|Any CPU
		{74D6B2A4-4AB4-41E7-A754-21588EC926FA}.Release|x86.Deploy.0 = Release|Any CPU
		{A5FC74A3-F6F5-4C00-BAF2-88C9D0FB0CCD}.Ad-Hoc|Any CPU.ActiveCfg = Release|Any CPU
		{A5FC74A3-F6F5-4C00-BAF2-88C9D0FB0CCD}.Ad-Hoc|Any CPU.Build.0 = Release|Any CPU
		{A5FC74A3-F6F5-4C00-BAF2-88C9D0FB0CCD}.Ad-Hoc|ARM.ActiveCfg = Release|Any CPU
		{A5FC74A3-F6F5-4C00-BAF2-88C9D0FB0CCD}.Ad-Hoc|ARM.Build.0 = Release|Any CPU
		{A5FC74A3-F6F5-4C00-BAF2-88C9D0FB0CCD}.Ad-Hoc|iPhone.ActiveCfg = Release|Any CPU
		{A5FC74A3-F6F5-4C00-BAF2-88C9D0FB0CCD}.Ad-Hoc|iPhone.Build.0 = Release|Any CPU
		{A5FC74A3-F6F5-4C00-BAF2-88C9D0FB0CCD}.Ad-Hoc|iPhoneSimulator.ActiveCfg = Release|Any CPU
		{A5FC74A3-F6F5-4C00-BAF2-88C9D0FB0CCD}.Ad-Hoc|iPhoneSimulator.Build.0 = Release|Any CPU
		{A5FC74A3-F6F5-4C00-BAF2-88C9D0FB0CCD}.Ad-Hoc|x64.ActiveCfg = Release|Any CPU
		{A5FC74A3-F6F5-4C00-BAF2-88C9D0FB0CCD}.Ad-Hoc|x64.Build.0 = Release|Any CPU
		{A5FC74A3-F6F5-4C00-BAF2-88C9D0FB0CCD}.Ad-Hoc|x86.ActiveCfg = Release|Any CPU
		{A5FC74A3-F6F5-4C00-BAF2-88C9D0FB0CCD}.Ad-Hoc|x86.Build.0 = Release|Any CPU
		{A5FC74A3-F6F5-4C00-BAF2-88C9D0FB0CCD}.AppStore|Any CPU.ActiveCfg = Release|Any CPU
		{A5FC74A3-F6F5-4C00-BAF2-88C9D0FB0CCD}.AppStore|Any CPU.Build.0 = Release|Any CPU
		{A5FC74A3-F6F5-4C00-BAF2-88C9D0FB0CCD}.AppStore|ARM.ActiveCfg = Release|Any CPU
		{A5FC74A3-F6F5-4C00-BAF2-88C9D0FB0CCD}.AppStore|ARM.Build.0 = Release|Any CPU
		{A5FC74A3-F6F5-4C00-BAF2-88C9D0FB0CCD}.AppStore|iPhone.ActiveCfg = Release|Any CPU
		{A5FC74A3-F6F5-4C00-BAF2-88C9D0FB0CCD}.AppStore|iPhone.Build.0 = Release|Any CPU
		{A5FC74A3-F6F5-4C00-BAF2-88C9D0FB0CCD}.AppStore|iPhoneSimulator.ActiveCfg = Release|Any CPU
		{A5FC74A3-F6F5-4C00-BAF2-88C9D0FB0CCD}.AppStore|iPhoneSimulator.Build.0 = Release|Any CPU
		{A5FC74A3-F6F5-4C00-BAF2-88C9D0FB0CCD}.AppStore|x64.ActiveCfg = Release|Any CPU
		{A5FC74A3-F6F5-4C00-BAF2-88C9D0FB0CCD}.AppStore|x64.Build.0 = Release|Any CPU
		{A5FC74A3-F6F5-4C00-BAF2-88C9D0FB0CCD}.AppStore|x86.ActiveCfg = Release|Any CPU
		{A5FC74A3-F6F5-4C00-BAF2-88C9D0FB0CCD}.AppStore|x86.Build.0 = Release|Any CPU
		{A5FC74A3-F6F5-4C00-BAF2-88C9D0FB0CCD}.Debug|Any CPU.ActiveCfg = Debug|Any CPU
		{A5FC74A3-F6F5-4C00-BAF2-88C9D0FB0CCD}.Debug|Any CPU.Build.0 = Debug|Any CPU
		{A5FC74A3-F6F5-4C00-BAF2-88C9D0FB0CCD}.Debug|ARM.ActiveCfg = Debug|Any CPU
		{A5FC74A3-F6F5-4C00-BAF2-88C9D0FB0CCD}.Debug|ARM.Build.0 = Debug|Any CPU
		{A5FC74A3-F6F5-4C00-BAF2-88C9D0FB0CCD}.Debug|iPhone.ActiveCfg = Debug|Any CPU
		{A5FC74A3-F6F5-4C00-BAF2-88C9D0FB0CCD}.Debug|iPhone.Build.0 = Debug|Any CPU
		{A5FC74A3-F6F5-4C00-BAF2-88C9D0FB0CCD}.Debug|iPhoneSimulator.ActiveCfg = Debug|Any CPU
		{A5FC74A3-F6F5-4C00-BAF2-88C9D0FB0CCD}.Debug|iPhoneSimulator.Build.0 = Debug|Any CPU
		{A5FC74A3-F6F5-4C00-BAF2-88C9D0FB0CCD}.Debug|x64.ActiveCfg = Debug|Any CPU
		{A5FC74A3-F6F5-4C00-BAF2-88C9D0FB0CCD}.Debug|x64.Build.0 = Debug|Any CPU
		{A5FC74A3-F6F5-4C00-BAF2-88C9D0FB0CCD}.Debug|x86.ActiveCfg = Debug|Any CPU
		{A5FC74A3-F6F5-4C00-BAF2-88C9D0FB0CCD}.Debug|x86.Build.0 = Debug|Any CPU
		{A5FC74A3-F6F5-4C00-BAF2-88C9D0FB0CCD}.Release|Any CPU.ActiveCfg = Release|Any CPU
		{A5FC74A3-F6F5-4C00-BAF2-88C9D0FB0CCD}.Release|Any CPU.Build.0 = Release|Any CPU
		{A5FC74A3-F6F5-4C00-BAF2-88C9D0FB0CCD}.Release|ARM.ActiveCfg = Release|Any CPU
		{A5FC74A3-F6F5-4C00-BAF2-88C9D0FB0CCD}.Release|ARM.Build.0 = Release|Any CPU
		{A5FC74A3-F6F5-4C00-BAF2-88C9D0FB0CCD}.Release|iPhone.ActiveCfg = Release|Any CPU
		{A5FC74A3-F6F5-4C00-BAF2-88C9D0FB0CCD}.Release|iPhone.Build.0 = Release|Any CPU
		{A5FC74A3-F6F5-4C00-BAF2-88C9D0FB0CCD}.Release|iPhoneSimulator.ActiveCfg = Release|Any CPU
		{A5FC74A3-F6F5-4C00-BAF2-88C9D0FB0CCD}.Release|iPhoneSimulator.Build.0 = Release|Any CPU
		{A5FC74A3-F6F5-4C00-BAF2-88C9D0FB0CCD}.Release|x64.ActiveCfg = Release|Any CPU
		{A5FC74A3-F6F5-4C00-BAF2-88C9D0FB0CCD}.Release|x64.Build.0 = Release|Any CPU
		{A5FC74A3-F6F5-4C00-BAF2-88C9D0FB0CCD}.Release|x86.ActiveCfg = Release|Any CPU
		{A5FC74A3-F6F5-4C00-BAF2-88C9D0FB0CCD}.Release|x86.Build.0 = Release|Any CPU
		{6C52981E-D8EC-440C-8585-3EC2E4677CB8}.Ad-Hoc|Any CPU.ActiveCfg = Release|x86
		{6C52981E-D8EC-440C-8585-3EC2E4677CB8}.Ad-Hoc|Any CPU.Build.0 = Release|x86
		{6C52981E-D8EC-440C-8585-3EC2E4677CB8}.Ad-Hoc|Any CPU.Deploy.0 = Release|x86
		{6C52981E-D8EC-440C-8585-3EC2E4677CB8}.Ad-Hoc|ARM.ActiveCfg = Release|ARM
		{6C52981E-D8EC-440C-8585-3EC2E4677CB8}.Ad-Hoc|ARM.Build.0 = Release|ARM
		{6C52981E-D8EC-440C-8585-3EC2E4677CB8}.Ad-Hoc|ARM.Deploy.0 = Release|ARM
		{6C52981E-D8EC-440C-8585-3EC2E4677CB8}.Ad-Hoc|iPhone.ActiveCfg = Release|x86
		{6C52981E-D8EC-440C-8585-3EC2E4677CB8}.Ad-Hoc|iPhone.Build.0 = Release|x86
		{6C52981E-D8EC-440C-8585-3EC2E4677CB8}.Ad-Hoc|iPhone.Deploy.0 = Release|x86
		{6C52981E-D8EC-440C-8585-3EC2E4677CB8}.Ad-Hoc|iPhoneSimulator.ActiveCfg = Release|x86
		{6C52981E-D8EC-440C-8585-3EC2E4677CB8}.Ad-Hoc|iPhoneSimulator.Build.0 = Release|x86
		{6C52981E-D8EC-440C-8585-3EC2E4677CB8}.Ad-Hoc|iPhoneSimulator.Deploy.0 = Release|x86
		{6C52981E-D8EC-440C-8585-3EC2E4677CB8}.Ad-Hoc|x64.ActiveCfg = Release|x64
		{6C52981E-D8EC-440C-8585-3EC2E4677CB8}.Ad-Hoc|x64.Build.0 = Release|x64
		{6C52981E-D8EC-440C-8585-3EC2E4677CB8}.Ad-Hoc|x64.Deploy.0 = Release|x64
		{6C52981E-D8EC-440C-8585-3EC2E4677CB8}.Ad-Hoc|x86.ActiveCfg = Release|x86
		{6C52981E-D8EC-440C-8585-3EC2E4677CB8}.Ad-Hoc|x86.Build.0 = Release|x86
		{6C52981E-D8EC-440C-8585-3EC2E4677CB8}.Ad-Hoc|x86.Deploy.0 = Release|x86
		{6C52981E-D8EC-440C-8585-3EC2E4677CB8}.AppStore|Any CPU.ActiveCfg = Release|x86
		{6C52981E-D8EC-440C-8585-3EC2E4677CB8}.AppStore|Any CPU.Build.0 = Release|x86
		{6C52981E-D8EC-440C-8585-3EC2E4677CB8}.AppStore|Any CPU.Deploy.0 = Release|x86
		{6C52981E-D8EC-440C-8585-3EC2E4677CB8}.AppStore|ARM.ActiveCfg = Release|ARM
		{6C52981E-D8EC-440C-8585-3EC2E4677CB8}.AppStore|ARM.Build.0 = Release|ARM
		{6C52981E-D8EC-440C-8585-3EC2E4677CB8}.AppStore|ARM.Deploy.0 = Release|ARM
		{6C52981E-D8EC-440C-8585-3EC2E4677CB8}.AppStore|iPhone.ActiveCfg = Release|x86
		{6C52981E-D8EC-440C-8585-3EC2E4677CB8}.AppStore|iPhone.Build.0 = Release|x86
		{6C52981E-D8EC-440C-8585-3EC2E4677CB8}.AppStore|iPhone.Deploy.0 = Release|x86
		{6C52981E-D8EC-440C-8585-3EC2E4677CB8}.AppStore|iPhoneSimulator.ActiveCfg = Release|x86
		{6C52981E-D8EC-440C-8585-3EC2E4677CB8}.AppStore|iPhoneSimulator.Build.0 = Release|x86
		{6C52981E-D8EC-440C-8585-3EC2E4677CB8}.AppStore|iPhoneSimulator.Deploy.0 = Release|x86
		{6C52981E-D8EC-440C-8585-3EC2E4677CB8}.AppStore|x64.ActiveCfg = Release|x64
		{6C52981E-D8EC-440C-8585-3EC2E4677CB8}.AppStore|x64.Build.0 = Release|x64
		{6C52981E-D8EC-440C-8585-3EC2E4677CB8}.AppStore|x64.Deploy.0 = Release|x64
		{6C52981E-D8EC-440C-8585-3EC2E4677CB8}.AppStore|x86.ActiveCfg = Release|x86
		{6C52981E-D8EC-440C-8585-3EC2E4677CB8}.AppStore|x86.Build.0 = Release|x86
		{6C52981E-D8EC-440C-8585-3EC2E4677CB8}.AppStore|x86.Deploy.0 = Release|x86
		{6C52981E-D8EC-440C-8585-3EC2E4677CB8}.Debug|Any CPU.ActiveCfg = Debug|x86
		{6C52981E-D8EC-440C-8585-3EC2E4677CB8}.Debug|ARM.ActiveCfg = Debug|ARM
		{6C52981E-D8EC-440C-8585-3EC2E4677CB8}.Debug|ARM.Build.0 = Debug|ARM
		{6C52981E-D8EC-440C-8585-3EC2E4677CB8}.Debug|ARM.Deploy.0 = Debug|ARM
		{6C52981E-D8EC-440C-8585-3EC2E4677CB8}.Debug|iPhone.ActiveCfg = Debug|x86
		{6C52981E-D8EC-440C-8585-3EC2E4677CB8}.Debug|iPhoneSimulator.ActiveCfg = Debug|x86
		{6C52981E-D8EC-440C-8585-3EC2E4677CB8}.Debug|x64.ActiveCfg = Debug|x64
		{6C52981E-D8EC-440C-8585-3EC2E4677CB8}.Debug|x64.Build.0 = Debug|x64
		{6C52981E-D8EC-440C-8585-3EC2E4677CB8}.Debug|x64.Deploy.0 = Debug|x64
		{6C52981E-D8EC-440C-8585-3EC2E4677CB8}.Debug|x86.ActiveCfg = Debug|x86
		{6C52981E-D8EC-440C-8585-3EC2E4677CB8}.Debug|x86.Build.0 = Debug|x86
		{6C52981E-D8EC-440C-8585-3EC2E4677CB8}.Debug|x86.Deploy.0 = Debug|x86
		{6C52981E-D8EC-440C-8585-3EC2E4677CB8}.Release|Any CPU.ActiveCfg = Release|x86
		{6C52981E-D8EC-440C-8585-3EC2E4677CB8}.Release|ARM.ActiveCfg = Release|ARM
		{6C52981E-D8EC-440C-8585-3EC2E4677CB8}.Release|ARM.Build.0 = Release|ARM
		{6C52981E-D8EC-440C-8585-3EC2E4677CB8}.Release|ARM.Deploy.0 = Release|ARM
		{6C52981E-D8EC-440C-8585-3EC2E4677CB8}.Release|iPhone.ActiveCfg = Release|x86
		{6C52981E-D8EC-440C-8585-3EC2E4677CB8}.Release|iPhoneSimulator.ActiveCfg = Release|x86
		{6C52981E-D8EC-440C-8585-3EC2E4677CB8}.Release|x64.ActiveCfg = Release|x64
		{6C52981E-D8EC-440C-8585-3EC2E4677CB8}.Release|x64.Build.0 = Release|x64
		{6C52981E-D8EC-440C-8585-3EC2E4677CB8}.Release|x64.Deploy.0 = Release|x64
		{6C52981E-D8EC-440C-8585-3EC2E4677CB8}.Release|x86.ActiveCfg = Release|x86
		{6C52981E-D8EC-440C-8585-3EC2E4677CB8}.Release|x86.Build.0 = Release|x86
		{6C52981E-D8EC-440C-8585-3EC2E4677CB8}.Release|x86.Deploy.0 = Release|x86
		{D220A249-EF04-4EA0-829D-3A8A1CB29F2B}.Ad-Hoc|Any CPU.ActiveCfg = Ad-Hoc|iPhoneSimulator
		{D220A249-EF04-4EA0-829D-3A8A1CB29F2B}.Ad-Hoc|ARM.ActiveCfg = Ad-Hoc|iPhone
		{D220A249-EF04-4EA0-829D-3A8A1CB29F2B}.Ad-Hoc|iPhone.ActiveCfg = Ad-Hoc|iPhone
		{D220A249-EF04-4EA0-829D-3A8A1CB29F2B}.Ad-Hoc|iPhone.Build.0 = Ad-Hoc|iPhone
		{D220A249-EF04-4EA0-829D-3A8A1CB29F2B}.Ad-Hoc|iPhoneSimulator.ActiveCfg = Ad-Hoc|iPhoneSimulator
		{D220A249-EF04-4EA0-829D-3A8A1CB29F2B}.Ad-Hoc|iPhoneSimulator.Build.0 = Ad-Hoc|iPhoneSimulator
		{D220A249-EF04-4EA0-829D-3A8A1CB29F2B}.Ad-Hoc|x64.ActiveCfg = Ad-Hoc|iPhone
		{D220A249-EF04-4EA0-829D-3A8A1CB29F2B}.Ad-Hoc|x86.ActiveCfg = Ad-Hoc|iPhone
		{D220A249-EF04-4EA0-829D-3A8A1CB29F2B}.AppStore|Any CPU.ActiveCfg = AppStore|iPhoneSimulator
		{D220A249-EF04-4EA0-829D-3A8A1CB29F2B}.AppStore|ARM.ActiveCfg = AppStore|iPhone
		{D220A249-EF04-4EA0-829D-3A8A1CB29F2B}.AppStore|iPhone.ActiveCfg = AppStore|iPhone
		{D220A249-EF04-4EA0-829D-3A8A1CB29F2B}.AppStore|iPhone.Build.0 = AppStore|iPhone
		{D220A249-EF04-4EA0-829D-3A8A1CB29F2B}.AppStore|iPhoneSimulator.ActiveCfg = AppStore|iPhoneSimulator
		{D220A249-EF04-4EA0-829D-3A8A1CB29F2B}.AppStore|iPhoneSimulator.Build.0 = AppStore|iPhoneSimulator
		{D220A249-EF04-4EA0-829D-3A8A1CB29F2B}.AppStore|x64.ActiveCfg = AppStore|iPhone
		{D220A249-EF04-4EA0-829D-3A8A1CB29F2B}.AppStore|x86.ActiveCfg = AppStore|iPhone
		{D220A249-EF04-4EA0-829D-3A8A1CB29F2B}.Debug|Any CPU.ActiveCfg = Debug|iPhoneSimulator
		{D220A249-EF04-4EA0-829D-3A8A1CB29F2B}.Debug|ARM.ActiveCfg = Debug|iPhone
		{D220A249-EF04-4EA0-829D-3A8A1CB29F2B}.Debug|iPhone.ActiveCfg = Debug|iPhone
		{D220A249-EF04-4EA0-829D-3A8A1CB29F2B}.Debug|iPhone.Build.0 = Debug|iPhone
		{D220A249-EF04-4EA0-829D-3A8A1CB29F2B}.Debug|iPhoneSimulator.ActiveCfg = Debug|iPhoneSimulator
		{D220A249-EF04-4EA0-829D-3A8A1CB29F2B}.Debug|iPhoneSimulator.Build.0 = Debug|iPhoneSimulator
		{D220A249-EF04-4EA0-829D-3A8A1CB29F2B}.Debug|x64.ActiveCfg = Debug|iPhone
		{D220A249-EF04-4EA0-829D-3A8A1CB29F2B}.Debug|x86.ActiveCfg = Debug|iPhone
		{D220A249-EF04-4EA0-829D-3A8A1CB29F2B}.Release|Any CPU.ActiveCfg = Release|iPhoneSimulator
		{D220A249-EF04-4EA0-829D-3A8A1CB29F2B}.Release|ARM.ActiveCfg = Release|iPhone
		{D220A249-EF04-4EA0-829D-3A8A1CB29F2B}.Release|iPhone.ActiveCfg = Release|iPhone
		{D220A249-EF04-4EA0-829D-3A8A1CB29F2B}.Release|iPhone.Build.0 = Release|iPhone
		{D220A249-EF04-4EA0-829D-3A8A1CB29F2B}.Release|iPhoneSimulator.ActiveCfg = Release|iPhoneSimulator
		{D220A249-EF04-4EA0-829D-3A8A1CB29F2B}.Release|iPhoneSimulator.Build.0 = Release|iPhoneSimulator
		{D220A249-EF04-4EA0-829D-3A8A1CB29F2B}.Release|x64.ActiveCfg = Release|iPhone
		{D220A249-EF04-4EA0-829D-3A8A1CB29F2B}.Release|x86.ActiveCfg = Release|iPhone
	EndGlobalSection
	GlobalSection(SolutionProperties) = preSolution
		HideSolutionNode = FALSE
	EndGlobalSection
	GlobalSection(ExtensibilityGlobals) = postSolution
		SolutionGuid = {5978677A-F98A-4E45-B9C6-BABF39DD9AE2}
	EndGlobalSection
EndGlobal
